// !$*UTF8*$!
{
	archiveVersion = 1;
	classes = {
	};
	objectVersion = 46;
	objects = {

/* Begin PBXBuildFile section */
		D339D3AB1CBA9624002488F6 /* main.m in Sources */ = {isa = PBXBuildFile; fileRef = D339D3AA1CBA9624002488F6 /* main.m */; };
		D339D3B41CBA9664002488F6 /* ISLa.m in Sources */ = {isa = PBXBuildFile; fileRef = D339D3B21CBA9664002488F6 /* ISLa.m */; };
		D339D3B71CBAB5D4002488F6 /* ISTabl.m in Sources */ = {isa = PBXBuildFile; fileRef = D339D3B61CBAB5D4002488F6 /* ISTabl.m */; };
		D35E62F31CCFB9C200ECF07E /* ISTest.m in Sources */ = {isa = PBXBuildFile; fileRef = D35E62F21CCFB9C200ECF07E /* ISTest.m */; };
		D367644F1DC6099D009EA350 /* ISCel.m in Sources */ = {isa = PBXBuildFile; fileRef = D367644E1DC6099D009EA350 /* ISCel.m */; };
/* End PBXBuildFile section */

/* Begin PBXCopyFilesBuildPhase section */
		D339D3A51CBA9624002488F6 /* CopyFiles */ = {
			isa = PBXCopyFilesBuildPhase;
			buildActionMask = 2147483647;
			dstPath = /usr/share/man/man1/;
			dstSubfolderSpec = 0;
			files = (
			);
			runOnlyForDeploymentPostprocessing = 1;
		};
/* End PBXCopyFilesBuildPhase section */

/* Begin PBXFileReference section */
		D339D3A71CBA9624002488F6 /* UTSdz2v2 */ = {isa = PBXFileReference; explicitFileType = "compiled.mach-o.executable"; includeInIndex = 0; path = UTSdz2v2; sourceTree = BUILT_PRODUCTS_DIR; };
		D339D3AA1CBA9624002488F6 /* main.m */ = {isa = PBXFileReference; lastKnownFileType = sourcecode.c.objc; path = main.m; sourceTree = "<group>"; };
		D339D3B11CBA9664002488F6 /* ISLa.h */ = {isa = PBXFileReference; fileEncoding = 4; lastKnownFileType = sourcecode.c.h; path = ISLa.h; sourceTree = "<group>"; };
		D339D3B21CBA9664002488F6 /* ISLa.m */ = {isa = PBXFileReference; fileEncoding = 4; lastKnownFileType = sourcecode.c.objc; path = ISLa.m; sourceTree = "<group>"; };
		D339D3B31CBA9664002488F6 /* matrix.h */ = {isa = PBXFileReference; fileEncoding = 4; lastKnownFileType = sourcecode.c.h; path = matrix.h; sourceTree = "<group>"; };
		D339D3B51CBAB5D4002488F6 /* ISTabl.h */ = {isa = PBXFileReference; fileEncoding = 4; lastKnownFileType = sourcecode.c.h; path = ISTabl.h; sourceTree = "<group>"; };
		D339D3B61CBAB5D4002488F6 /* ISTabl.m */ = {isa = PBXFileReference; fileEncoding = 4; lastKnownFileType = sourcecode.c.objc; path = ISTabl.m; sourceTree = "<group>"; };
		D35E62F11CCFB9C200ECF07E /* ISTest.h */ = {isa = PBXFileReference; fileEncoding = 4; lastKnownFileType = sourcecode.c.h; path = ISTest.h; sourceTree = "<group>"; };
		D35E62F21CCFB9C200ECF07E /* ISTest.m */ = {isa = PBXFileReference; fileEncoding = 4; lastKnownFileType = sourcecode.c.objc; path = ISTest.m; sourceTree = "<group>"; };
		D367644D1DC6099D009EA350 /* ISCel.h */ = {isa = PBXFileReference; fileEncoding = 4; lastKnownFileType = sourcecode.c.h; path = ISCel.h; sourceTree = "<group>"; };
		D367644E1DC6099D009EA350 /* ISCel.m */ = {isa = PBXFileReference; fileEncoding = 4; lastKnownFileType = sourcecode.c.objc; path = ISCel.m; sourceTree = "<group>"; };
/* End PBXFileReference section */

/* Begin PBXFrameworksBuildPhase section */
		D339D3A41CBA9624002488F6 /* Frameworks */ = {
			isa = PBXFrameworksBuildPhase;
			buildActionMask = 2147483647;
			files = (
			);
			runOnlyForDeploymentPostprocessing = 0;
		};
/* End PBXFrameworksBuildPhase section */

/* Begin PBXGroup section */
		D339D39E1CBA9624002488F6 = {
			isa = PBXGroup;
			children = (
				D339D3A91CBA9624002488F6 /* UTSdz2v2 */,
				D339D3A81CBA9624002488F6 /* Products */,
			);
			sourceTree = "<group>";
		};
		D339D3A81CBA9624002488F6 /* Products */ = {
			isa = PBXGroup;
			children = (
				D339D3A71CBA9624002488F6 /* UTSdz2v2 */,
			);
			name = Products;
			sourceTree = "<group>";
		};
		D339D3A91CBA9624002488F6 /* UTSdz2v2 */ = {
			isa = PBXGroup;
			children = (
				D339D3AA1CBA9624002488F6 /* main.m */,
				D35E62F11CCFB9C200ECF07E /* ISTest.h */,
				D35E62F21CCFB9C200ECF07E /* ISTest.m */,
				D339D3B11CBA9664002488F6 /* ISLa.h */,
				D339D3B21CBA9664002488F6 /* ISLa.m */,
				D367644D1DC6099D009EA350 /* ISCel.h */,
				D367644E1DC6099D009EA350 /* ISCel.m */,
				D339D3B31CBA9664002488F6 /* matrix.h */,
				D339D3B51CBAB5D4002488F6 /* ISTabl.h */,
				D339D3B61CBAB5D4002488F6 /* ISTabl.m */,
			);
			path = UTSdz2v2;
			sourceTree = "<group>";
		};
/* End PBXGroup section */

/* Begin PBXNativeTarget section */
		D339D3A61CBA9624002488F6 /* UTSdz2v2 */ = {
			isa = PBXNativeTarget;
			buildConfigurationList = D339D3AE1CBA9624002488F6 /* Build configuration list for PBXNativeTarget "UTSdz2v2" */;
			buildPhases = (
				D339D3A31CBA9624002488F6 /* Sources */,
				D339D3A41CBA9624002488F6 /* Frameworks */,
				D339D3A51CBA9624002488F6 /* CopyFiles */,
			);
			buildRules = (
			);
			dependencies = (
			);
			name = UTSdz2v2;
			productName = UTSdz2v2;
			productReference = D339D3A71CBA9624002488F6 /* UTSdz2v2 */;
			productType = "com.apple.product-type.tool";
		};
/* End PBXNativeTarget section */

/* Begin PBXProject section */
		D339D39F1CBA9624002488F6 /* Project object */ = {
			isa = PBXProject;
			attributes = {
				LastUpgradeCheck = 0730;
				ORGANIZATIONNAME = "Ivan Smirnov";
				TargetAttributes = {
					D339D3A61CBA9624002488F6 = {
						CreatedOnToolsVersion = 7.3;
					};
				};
			};
			buildConfigurationList = D339D3A21CBA9624002488F6 /* Build configuration list for PBXProject "UTSdz2v2" */;
			compatibilityVersion = "Xcode 3.2";
			developmentRegion = English;
			hasScannedForEncodings = 0;
			knownRegions = (
				en,
			);
			mainGroup = D339D39E1CBA9624002488F6;
			productRefGroup = D339D3A81CBA9624002488F6 /* Products */;
			projectDirPath = "";
			projectRoot = "";
			targets = (
				D339D3A61CBA9624002488F6 /* UTSdz2v2 */,
			);
		};
/* End PBXProject section */

/* Begin PBXSourcesBuildPhase section */
		D339D3A31CBA9624002488F6 /* Sources */ = {
			isa = PBXSourcesBuildPhase;
			buildActionMask = 2147483647;
			files = (
				D339D3B41CBA9664002488F6 /* ISLa.m in Sources */,
				D339D3B71CBAB5D4002488F6 /* ISTabl.m in Sources */,
				D339D3AB1CBA9624002488F6 /* main.m in Sources */,
				D35E62F31CCFB9C200ECF07E /* ISTest.m in Sources */,
				D367644F1DC6099D009EA350 /* ISCel.m in Sources */,
			);
			runOnlyForDeploymentPostprocessing = 0;
		};
/* End PBXSourcesBuildPhase section */

/* Begin XCBuildConfiguration section */
		D339D3AC1CBA9624002488F6 /* Debug */ = {
			isa = XCBuildConfiguration;
			buildSettings = {
				ALWAYS_SEARCH_USER_PATHS = NO;
				CLANG_ANALYZER_NONNULL = YES;
				CLANG_CXX_LANGUAGE_STANDARD = "gnu++0x";
				CLANG_CXX_LIBRARY = "libc++";
				CLANG_ENABLE_MODULES = YES;
				CLANG_ENABLE_OBJC_ARC = YES;
				CLANG_WARN_BOOL_CONVERSION = YES;
				CLANG_WARN_CONSTANT_CONVERSION = YES;
				CLANG_WARN_DIRECT_OBJC_ISA_USAGE = YES_ERROR;
				CLANG_WARN_EMPTY_BODY = YES;
				CLANG_WARN_ENUM_CONVERSION = YES;
				CLANG_WARN_INT_CONVERSION = YES;
				CLANG_WARN_OBJC_ROOT_CLASS = YES_ERROR;
				CLANG_WARN_UNREACHABLE_CODE = YES;
				CLANG_WARN__DUPLICATE_METHOD_MATCH = YES;
				CODE_SIGN_IDENTITY = "-";
				"COPY_HEADERS_UNIFDEF_FLAGS[sdk=*]" = "";
				COPY_PHASE_STRIP = NO;
				DEBUG_INFORMATION_FORMAT = dwarf;
				ENABLE_STRICT_OBJC_MSGSEND = YES;
				ENABLE_TESTABILITY = YES;
				GCC_C_LANGUAGE_STANDARD = gnu99;
				GCC_DYNAMIC_NO_PIC = NO;
				GCC_NO_COMMON_BLOCKS = YES;
				GCC_OPTIMIZATION_LEVEL = 0;
				GCC_PREPROCESSOR_DEFINITIONS = (
					"DEBUG=1",
					"$(inherited)",
				);
				GCC_WARN_64_TO_32_BIT_CONVERSION = YES;
				GCC_WARN_ABOUT_RETURN_TYPE = YES_ERROR;
				GCC_WARN_UNDECLARED_SELECTOR = YES;
				GCC_WARN_UNINITIALIZED_AUTOS = YES_AGGRESSIVE;
				GCC_WARN_UNUSED_FUNCTION = YES;
				GCC_WARN_UNUSED_VARIABLE = YES;
				MACOSX_DEPLOYMENT_TARGET = 10.11;
				MTL_ENABLE_DEBUG_INFO = YES;
				ONLY_ACTIVE_ARCH = YES;
				SDKROOT = macosx;
			};
			name = Debug;
		};
		D339D3AD1CBA9624002488F6 /* Release */ = {
			isa = XCBuildConfiguration;
			buildSettings = {
				ALWAYS_SEARCH_USER_PATHS = NO;
				CLANG_ANALYZER_NONNULL = YES;
				CLANG_CXX_LANGUAGE_STANDARD = "gnu++0x";
				CLANG_CXX_LIBRARY = "libc++";
				CLANG_ENABLE_MODULES = YES;
				CLANG_ENABLE_OBJC_ARC = YES;
				CLANG_WARN_BOOL_CONVERSION = YES;
				CLANG_WARN_CONSTANT_CONVERSION = YES;
				CLANG_WARN_DIRECT_OBJC_ISA_USAGE = YES_ERROR;
				CLANG_WARN_EMPTY_BODY = YES;
				CLANG_WARN_ENUM_CONVERSION = YES;
				CLANG_WARN_INT_CONVERSION = YES;
				CLANG_WARN_OBJC_ROOT_CLASS = YES_ERROR;
				CLANG_WARN_UNREACHABLE_CODE = YES;
				CLANG_WARN__DUPLICATE_METHOD_MATCH = YES;
				CODE_SIGN_IDENTITY = "-";
				COPY_PHASE_STRIP = NO;
				DEBUG_INFORMATION_FORMAT = "dwarf-with-dsym";
				ENABLE_NS_ASSERTIONS = NO;
				ENABLE_STRICT_OBJC_MSGSEND = YES;
				GCC_C_LANGUAGE_STANDARD = gnu99;
				GCC_NO_COMMON_BLOCKS = YES;
				GCC_WARN_64_TO_32_BIT_CONVERSION = YES;
				GCC_WARN_ABOUT_RETURN_TYPE = YES_ERROR;
				GCC_WARN_UNDECLARED_SELECTOR = YES;
				GCC_WARN_UNINITIALIZED_AUTOS = YES_AGGRESSIVE;
				GCC_WARN_UNUSED_FUNCTION = YES;
				GCC_WARN_UNUSED_VARIABLE = YES;
				MACOSX_DEPLOYMENT_TARGET = 10.11;
				MTL_ENABLE_DEBUG_INFO = NO;
				SDKROOT = macosx;
			};
			name = Release;
		};
		D339D3AF1CBA9624002488F6 /* Debug */ = {
			isa = XCBuildConfiguration;
			buildSettings = {
				ARCHS = "$(ARCHS_STANDARD)";
				PRODUCT_NAME = "$(TARGET_NAME)";
				VALID_ARCHS = "i386 x86_64";
			};
			name = Debug;
		};
		D339D3B01CBA9624002488F6 /* Release */ = {
			isa = XCBuildConfiguration;
			buildSettings = {
				ARCHS = "$(ARCHS_STANDARD)";
				PRODUCT_NAME = "$(TARGET_NAME)";
				VALID_ARCHS = "i386 x86_64";
			};
			name = Release;
		};
/* End XCBuildConfiguration section */

/* Begin XCConfigurationList section */
		D339D3A21CBA9624002488F6 /* Build configuration list for PBXProject "UTSdz2v2" */ = {
			isa = XCConfigurationList;
			buildConfigurations = (
				D339D3AC1CBA9624002488F6 /* Debug */,
				D339D3AD1CBA9624002488F6 /* Release */,
			);
			defaultConfigurationIsVisible = 0;
			defaultConfigurationName = Release;
		};
		D339D3AE1CBA9624002488F6 /* Build configuration list for PBXNativeTarget "UTSdz2v2" */ = {
			isa = XCConfigurationList;
			buildConfigurations = (
				D339D3AF1CBA9624002488F6 /* Debug */,
				D339D3B01CBA9624002488F6 /* Release */,
			);
			defaultConfigurationIsVisible = 0;
			defaultConfigurationName = Release;
		};
/* End XCConfigurationList section */
	};
	rootObject = D339D39F1CBA9624002488F6 /* Project object */;
}
